
Microsoft Visual Studio Solution File, Format Version 12.00
# Visual Studio Version 17
VisualStudioVersion = 17.0.31903.59
MinimumVisualStudioVersion = 10.0.40219.1
Project("{FAE04EC0-301F-11D3-BF4B-00C04F79EFBC}") = "Apisurvey", "Apisurvey\Apisurvey.csproj", "{FD2546F4-E812-4EB2-AA20-A79357188568}"
EndProject
Project("{FAE04EC0-301F-11D3-BF4B-00C04F79EFBC}") = "Application", "Application\Application.csproj", "{A32F9170-78CD-4FB5-AA17-ED33882F4015}"
EndProject
Project("{FAE04EC0-301F-11D3-BF4B-00C04F79EFBC}") = "Domain", "Domain\Domain.csproj", "{D13E5278-AF36-4A72-8DAD-8392BE5F5343}"
EndProject
Project("{FAE04EC0-301F-11D3-BF4B-00C04F79EFBC}") = "Infrastructure", "Infrastructure\Infrastructure.csproj", "{BA3F0FCA-8A04-489D-B268-312755CFF4F5}"
EndProject
Global
	GlobalSection(SolutionConfigurationPlatforms) = preSolution
		Debug|Any CPU = Debug|Any CPU
		Debug|x64 = Debug|x64
		Debug|x86 = Debug|x86
		Release|Any CPU = Release|Any CPU
		Release|x64 = Release|x64
		Release|x86 = Release|x86
	EndGlobalSection
	GlobalSection(ProjectConfigurationPlatforms) = postSolution
		{FD2546F4-E812-4EB2-AA20-A79357188568}.Debug|Any CPU.ActiveCfg = Debug|Any CPU
		{FD2546F4-E812-4EB2-AA20-A79357188568}.Debug|Any CPU.Build.0 = Debug|Any CPU
		{FD2546F4-E812-4EB2-AA20-A79357188568}.Debug|x64.ActiveCfg = Debug|Any CPU
		{FD2546F4-E812-4EB2-AA20-A79357188568}.Debug|x64.Build.0 = Debug|Any CPU
		{FD2546F4-E812-4EB2-AA20-A79357188568}.Debug|x86.ActiveCfg = Debug|Any CPU
		{FD2546F4-E812-4EB2-AA20-A79357188568}.Debug|x86.Build.0 = Debug|Any CPU
		{FD2546F4-E812-4EB2-AA20-A79357188568}.Release|Any CPU.ActiveCfg = Release|Any CPU
		{FD2546F4-E812-4EB2-AA20-A79357188568}.Release|Any CPU.Build.0 = Release|Any CPU
		{FD2546F4-E812-4EB2-AA20-A79357188568}.Release|x64.ActiveCfg = Release|Any CPU
		{FD2546F4-E812-4EB2-AA20-A79357188568}.Release|x64.Build.0 = Release|Any CPU
		{FD2546F4-E812-4EB2-AA20-A79357188568}.Release|x86.ActiveCfg = Release|Any CPU
		{FD2546F4-E812-4EB2-AA20-A79357188568}.Release|x86.Build.0 = Release|Any CPU
		{A32F9170-78CD-4FB5-AA17-ED33882F4015}.Debug|Any CPU.ActiveCfg = Debug|Any CPU
		{A32F9170-78CD-4FB5-AA17-ED33882F4015}.Debug|Any CPU.Build.0 = Debug|Any CPU
		{A32F9170-78CD-4FB5-AA17-ED33882F4015}.Debug|x64.ActiveCfg = Debug|Any CPU
		{A32F9170-78CD-4FB5-AA17-ED33882F4015}.Debug|x64.Build.0 = Debug|Any CPU
		{A32F9170-78CD-4FB5-AA17-ED33882F4015}.Debug|x86.ActiveCfg = Debug|Any CPU
		{A32F9170-78CD-4FB5-AA17-ED33882F4015}.Debug|x86.Build.0 = Debug|Any CPU
		{A32F9170-78CD-4FB5-AA17-ED33882F4015}.Release|Any CPU.ActiveCfg = Release|Any CPU
		{A32F9170-78CD-4FB5-AA17-ED33882F4015}.Release|Any CPU.Build.0 = Release|Any CPU
		{A32F9170-78CD-4FB5-AA17-ED33882F4015}.Release|x64.ActiveCfg = Release|Any CPU
		{A32F9170-78CD-4FB5-AA17-ED33882F4015}.Release|x64.Build.0 = Release|Any CPU
		{A32F9170-78CD-4FB5-AA17-ED33882F4015}.Release|x86.ActiveCfg = Release|Any CPU
		{A32F9170-78CD-4FB5-AA17-ED33882F4015}.Release|x86.Build.0 = Release|Any CPU
		{D13E5278-AF36-4A72-8DAD-8392BE5F5343}.Debug|Any CPU.ActiveCfg = Debug|Any CPU
		{D13E5278-AF36-4A72-8DAD-8392BE5F5343}.Debug|Any CPU.Build.0 = Debug|Any CPU
		{D13E5278-AF36-4A72-8DAD-8392BE5F5343}.Debug|x64.ActiveCfg = Debug|Any CPU
		{D13E5278-AF36-4A72-8DAD-8392BE5F5343}.Debug|x64.Build.0 = Debug|Any CPU
		{D13E5278-AF36-4A72-8DAD-8392BE5F5343}.Debug|x86.ActiveCfg = Debug|Any CPU
		{D13E5278-AF36-4A72-8DAD-8392BE5F5343}.Debug|x86.Build.0 = Debug|Any CPU
		{D13E5278-AF36-4A72-8DAD-8392BE5F5343}.Release|Any CPU.ActiveCfg = Release|Any CPU
		{D13E5278-AF36-4A72-8DAD-8392BE5F5343}.Release|Any CPU.Build.0 = Release|Any CPU
		{D13E5278-AF36-4A72-8DAD-8392BE5F5343}.Release|x64.ActiveCfg = Release|Any CPU
		{D13E5278-AF36-4A72-8DAD-8392BE5F5343}.Release|x64.Build.0 = Release|Any CPU
		{D13E5278-AF36-4A72-8DAD-8392BE5F5343}.Release|x86.ActiveCfg = Release|Any CPU
		{D13E5278-AF36-4A72-8DAD-8392BE5F5343}.Release|x86.Build.0 = Release|Any CPU
		{BA3F0FCA-8A04-489D-B268-312755CFF4F5}.Debug|Any CPU.ActiveCfg = Debug|Any CPU
		{BA3F0FCA-8A04-489D-B268-312755CFF4F5}.Debug|Any CPU.Build.0 = Debug|Any CPU
		{BA3F0FCA-8A04-489D-B268-312755CFF4F5}.Debug|x64.ActiveCfg = Debug|Any CPU
		{BA3F0FCA-8A04-489D-B268-312755CFF4F5}.Debug|x64.Build.0 = Debug|Any CPU
		{BA3F0FCA-8A04-489D-B268-312755CFF4F5}.Debug|x86.ActiveCfg = Debug|Any CPU
		{BA3F0FCA-8A04-489D-B268-312755CFF4F5}.Debug|x86.Build.0 = Debug|Any CPU
		{BA3F0FCA-8A04-489D-B268-312755CFF4F5}.Release|Any CPU.ActiveCfg = Release|Any CPU
		{BA3F0FCA-8A04-489D-B268-312755CFF4F5}.Release|Any CPU.Build.0 = Release|Any CPU
		{BA3F0FCA-8A04-489D-B268-312755CFF4F5}.Release|x64.ActiveCfg = Release|Any CPU
		{BA3F0FCA-8A04-489D-B268-312755CFF4F5}.Release|x64.Build.0 = Release|Any CPU
		{BA3F0FCA-8A04-489D-B268-312755CFF4F5}.Release|x86.ActiveCfg = Release|Any CPU
		{BA3F0FCA-8A04-489D-B268-312755CFF4F5}.Release|x86.Build.0 = Release|Any CPU
	EndGlobalSection
	GlobalSection(SolutionProperties) = preSolution
		HideSolutionNode = FALSE
	EndGlobalSection
EndGlobal
